
Microsoft Visual Studio Solution File, Format Version 12.00
# Visual Studio Version 16
VisualStudioVersion = 16.0.33801.447
MinimumVisualStudioVersion = 10.0.40219.1
Project("{FAE04EC0-301F-11D3-BF4B-00C04F79EFBC}") = "VoxtoWavConverter", "VoxtoWavConverter\VoxtoWavConverter.csproj", "{261B0596-E527-4108-BFF7-60E368E6785F}"
EndProject
Global
	GlobalSection(SolutionConfigurationPlatforms) = preSolution
		Debug|Any CPU = Debug|Any CPU
		Release|Any CPU = Release|Any CPU
	EndGlobalSection
	GlobalSection(ProjectConfigurationPlatforms) = postSolution
		{261B0596-E527-4108-BFF7-60E368E6785F}.Debug|Any CPU.ActiveCfg = Debug|Any CPU
		{261B0596-E527-4108-BFF7-60E368E6785F}.Debug|Any CPU.Build.0 = Debug|Any CPU
		{261B0596-E527-4108-BFF7-60E368E6785F}.Release|Any CPU.ActiveCfg = Release|Any CPU
		{261B0596-E527-4108-BFF7-60E368E6785F}.Release|Any CPU.Build.0 = Release|Any CPU
	EndGlobalSection
	GlobalSection(SolutionProperties) = preSolution
		HideSolutionNode = FALSE
	EndGlobalSection
	GlobalSection(ExtensibilityGlobals) = postSolution
		SolutionGuid = {3B6928F0-A2E0-45A8-8C53-114C32D8C9ED}
	EndGlobalSection
EndGlobal
